{
  "name": "fixture",
  "version": "0.0.0",
  "lockfileVersion": 3,
  "packages": {
    "": {
      "dependencies": {
        "@forge/bridge": "^7.0.0"
      }
    },
    "node_modules/@forge/bridge": {
      "version": "7.0.0",
      "license": "Apache-2.0"
    },
    "node_modules/nolicense": {
      "version": "1.0.0"
    }
  }
}
